
Microsoft Visual Studio Solution File, Format Version 12.00
# Visual Studio Version 17
VisualStudioVersion = 17.9.34723.18
MinimumVisualStudioVersion = 10.0.40219.1
Project("{FAE04EC0-301F-11D3-BF4B-00C04F79EFBC}") = "Artillery Online game windows form", "Artillery Online game windows form\Artillery Online game windows form.csproj", "{9112DF98-762F-4997-AD0C-57077E5BDE30}"
EndProject
Project("{FAE04EC0-301F-11D3-BF4B-00C04F79EFBC}") = "Artillery Game Server", "Artillery Game Server\Artillery Game Server.csproj", "{A2A24414-C437-443D-A9BA-8B67BE41CB2B}"
EndProject
Global
	GlobalSection(SolutionConfigurationPlatforms) = preSolution
		Debug|Any CPU = Debug|Any CPU
		Release|Any CPU = Release|Any CPU
	EndGlobalSection
	GlobalSection(ProjectConfigurationPlatforms) = postSolution
		{9112DF98-762F-4997-AD0C-57077E5BDE30}.Debug|Any CPU.ActiveCfg = Debug|Any CPU
		{9112DF98-762F-4997-AD0C-57077E5BDE30}.Debug|Any CPU.Build.0 = Debug|Any CPU
		{9112DF98-762F-4997-AD0C-57077E5BDE30}.Release|Any CPU.ActiveCfg = Release|Any CPU
		{9112DF98-762F-4997-AD0C-57077E5BDE30}.Release|Any CPU.Build.0 = Release|Any CPU
		{A2A24414-C437-443D-A9BA-8B67BE41CB2B}.Debug|Any CPU.ActiveCfg = Debug|Any CPU
		{A2A24414-C437-443D-A9BA-8B67BE41CB2B}.Debug|Any CPU.Build.0 = Debug|Any CPU
		{A2A24414-C437-443D-A9BA-8B67BE41CB2B}.Release|Any CPU.ActiveCfg = Release|Any CPU
		{A2A24414-C437-443D-A9BA-8B67BE41CB2B}.Release|Any CPU.Build.0 = Release|Any CPU
	EndGlobalSection
	GlobalSection(SolutionProperties) = preSolution
		HideSolutionNode = FALSE
	EndGlobalSection
	GlobalSection(ExtensibilityGlobals) = postSolution
		SolutionGuid = {8BAD4B7C-5005-4311-9FA1-EA85ABCA18B1}
	EndGlobalSection
EndGlobal
